[[external_source]]
id = "fkst-official"
git = "https://github.com/ChronoAIProject/fkst-hosted.git"
libraries = []

[external_source.intent]
rev = "6fe5f82f76f6b2c02058488587f5f6281c203cf3"

[external_source.resolved]
rev = "6fe5f82f76f6b2c02058488587f5f6281c203cf3"
tree_sha256 = "sha256-7cc28b7058c0155b459304f68129e9c778de57a3ed3ae87e017794c55eef5fe6"
