[[external_source]]
id = "fkst-official"
git = "https://github.com/ChronoAIProject/fkst-hosted.git"
libraries = []

[external_source.intent]
rev = "28563dd34e5eb4d4a481bd0e630d41378d49b3f6"

[external_source.resolved]
rev = "28563dd34e5eb4d4a481bd0e630d41378d49b3f6"
tree_sha256 = "sha256-172f81eee0ad991c07ab779c448bb11311bc35aa44275b61cb586ff0a00a1aa9"
